
Microsoft Visual Studio Solution File, Format Version 12.00
# Visual Studio 15
VisualStudioVersion = 15.0.27428.2043
MinimumVisualStudioVersion = 10.0.40219.1
Project("{FAE04EC0-301F-11D3-BF4B-00C04F79EFBC}") = "EncryptWord", "EncryptWord\EncryptWord.csproj", "{E6812BC9-99E4-4461-A1CA-04C7BD67EF17}"
EndProject
Global
	GlobalSection(SolutionConfigurationPlatforms) = preSolution
		Debug|Any CPU = Debug|Any CPU
		Release|Any CPU = Release|Any CPU
	EndGlobalSection
	GlobalSection(ProjectConfigurationPlatforms) = postSolution
		{E6812BC9-99E4-4461-A1CA-04C7BD67EF17}.Debug|Any CPU.ActiveCfg = Debug|Any CPU
		{E6812BC9-99E4-4461-A1CA-04C7BD67EF17}.Debug|Any CPU.Build.0 = Debug|Any CPU
		{E6812BC9-99E4-4461-A1CA-04C7BD67EF17}.Release|Any CPU.ActiveCfg = Release|Any CPU
		{E6812BC9-99E4-4461-A1CA-04C7BD67EF17}.Release|Any CPU.Build.0 = Release|Any CPU
	EndGlobalSection
	GlobalSection(SolutionProperties) = preSolution
		HideSolutionNode = FALSE
	EndGlobalSection
	GlobalSection(ExtensibilityGlobals) = postSolution
		SolutionGuid = {87515300-E3C7-44D9-B243-03BC719F9A7F}
	EndGlobalSection
EndGlobal
